
Microsoft Visual Studio Solution File, Format Version 12.00
# Visual Studio Version 17
VisualStudioVersion = 17.5.002.0
MinimumVisualStudioVersion = 10.0.40219.1
Project("{9A19103F-16F7-4668-BE54-9A1E7A4F7556}") = "Task_2", "Task_2.csproj", "{C9131086-7104-4B7F-ACD7-9C46A5E92907}"
EndProject
Global
	GlobalSection(SolutionConfigurationPlatforms) = preSolution
		Debug|Any CPU = Debug|Any CPU
		Release|Any CPU = Release|Any CPU
	EndGlobalSection
	GlobalSection(ProjectConfigurationPlatforms) = postSolution
		{C9131086-7104-4B7F-ACD7-9C46A5E92907}.Debug|Any CPU.ActiveCfg = Debug|Any CPU
		{C9131086-7104-4B7F-ACD7-9C46A5E92907}.Debug|Any CPU.Build.0 = Debug|Any CPU
		{C9131086-7104-4B7F-ACD7-9C46A5E92907}.Release|Any CPU.ActiveCfg = Release|Any CPU
		{C9131086-7104-4B7F-ACD7-9C46A5E92907}.Release|Any CPU.Build.0 = Release|Any CPU
	EndGlobalSection
	GlobalSection(SolutionProperties) = preSolution
		HideSolutionNode = FALSE
	EndGlobalSection
	GlobalSection(ExtensibilityGlobals) = postSolution
		SolutionGuid = {304061DD-5065-4B8D-944C-22CFD499569A}
	EndGlobalSection
EndGlobal
